
Microsoft Visual Studio Solution File, Format Version 12.00
# Visual Studio 15
VisualStudioVersion = 15.0.28307.106
MinimumVisualStudioVersion = 10.0.40219.1
Project("{FAE04EC0-301F-11D3-BF4B-00C04F79EFBC}") = "Beatsaber.Mod.Installer", "Beatsaber.Mod.Installer\Beatsaber.Mod.Installer.csproj", "{385E95B1-2A4F-467A-9332-5E94BC44FB6E}"
EndProject
Project("{FAE04EC0-301F-11D3-BF4B-00C04F79EFBC}") = "Cr1TiKa7-Framework", "G:\Backup 27.02.2018\GitProjekte\cr1tika7-framework\Cr1TiKa7-Framework\Cr1TiKa7-Framework.csproj", "{B4C1A34A-5CBC-4B59-BEE5-46C7101902D3}"
EndProject
Global
	GlobalSection(SolutionConfigurationPlatforms) = preSolution
		Debug|Any CPU = Debug|Any CPU
		Release|Any CPU = Release|Any CPU
	EndGlobalSection
	GlobalSection(ProjectConfigurationPlatforms) = postSolution
		{385E95B1-2A4F-467A-9332-5E94BC44FB6E}.Debug|Any CPU.ActiveCfg = Debug|Any CPU
		{385E95B1-2A4F-467A-9332-5E94BC44FB6E}.Debug|Any CPU.Build.0 = Debug|Any CPU
		{385E95B1-2A4F-467A-9332-5E94BC44FB6E}.Release|Any CPU.ActiveCfg = Release|Any CPU
		{385E95B1-2A4F-467A-9332-5E94BC44FB6E}.Release|Any CPU.Build.0 = Release|Any CPU
		{B4C1A34A-5CBC-4B59-BEE5-46C7101902D3}.Debug|Any CPU.ActiveCfg = Debug|Any CPU
		{B4C1A34A-5CBC-4B59-BEE5-46C7101902D3}.Debug|Any CPU.Build.0 = Debug|Any CPU
		{B4C1A34A-5CBC-4B59-BEE5-46C7101902D3}.Release|Any CPU.ActiveCfg = Release|Any CPU
		{B4C1A34A-5CBC-4B59-BEE5-46C7101902D3}.Release|Any CPU.Build.0 = Release|Any CPU
	EndGlobalSection
	GlobalSection(SolutionProperties) = preSolution
		HideSolutionNode = FALSE
	EndGlobalSection
	GlobalSection(ExtensibilityGlobals) = postSolution
		SolutionGuid = {809FA28A-BB24-4702-85DD-52E8237C8988}
	EndGlobalSection
EndGlobal
